
Microsoft Visual Studio Solution File, Format Version 12.00
# Visual Studio Version 16
VisualStudioVersion = 16.0.30225.117
MinimumVisualStudioVersion = 15.0.26124.0
Project("{9A19103F-16F7-4668-BE54-9A1E7A4F7556}") = "src", "src\src.csproj", "{98C85C04-EBFF-40F8-A202-3368E362F262}"
EndProject
Project("{FAE04EC0-301F-11D3-BF4B-00C04F79EFBC}") = "test", "test\test.csproj", "{608FE4E2-03CA-46D2-ABB1-A6FF9BCAFA91}"
EndProject
Global
	GlobalSection(SolutionConfigurationPlatforms) = preSolution
		Debug|Any CPU = Debug|Any CPU
		Debug|x64 = Debug|x64
		Debug|x86 = Debug|x86
		Release|Any CPU = Release|Any CPU
		Release|x64 = Release|x64
		Release|x86 = Release|x86
	EndGlobalSection
	GlobalSection(ProjectConfigurationPlatforms) = postSolution
		{98C85C04-EBFF-40F8-A202-3368E362F262}.Debug|Any CPU.ActiveCfg = Debug|Any CPU
		{98C85C04-EBFF-40F8-A202-3368E362F262}.Debug|Any CPU.Build.0 = Debug|Any CPU
		{98C85C04-EBFF-40F8-A202-3368E362F262}.Debug|x64.ActiveCfg = Debug|Any CPU
		{98C85C04-EBFF-40F8-A202-3368E362F262}.Debug|x64.Build.0 = Debug|Any CPU
		{98C85C04-EBFF-40F8-A202-3368E362F262}.Debug|x86.ActiveCfg = Debug|Any CPU
		{98C85C04-EBFF-40F8-A202-3368E362F262}.Debug|x86.Build.0 = Debug|Any CPU
		{98C85C04-EBFF-40F8-A202-3368E362F262}.Release|Any CPU.ActiveCfg = Release|Any CPU
		{98C85C04-EBFF-40F8-A202-3368E362F262}.Release|Any CPU.Build.0 = Release|Any CPU
		{98C85C04-EBFF-40F8-A202-3368E362F262}.Release|x64.ActiveCfg = Release|Any CPU
		{98C85C04-EBFF-40F8-A202-3368E362F262}.Release|x64.Build.0 = Release|Any CPU
		{98C85C04-EBFF-40F8-A202-3368E362F262}.Release|x86.ActiveCfg = Release|Any CPU
		{98C85C04-EBFF-40F8-A202-3368E362F262}.Release|x86.Build.0 = Release|Any CPU
		{608FE4E2-03CA-46D2-ABB1-A6FF9BCAFA91}.Debug|Any CPU.ActiveCfg = Debug|Any CPU
		{608FE4E2-03CA-46D2-ABB1-A6FF9BCAFA91}.Debug|Any CPU.Build.0 = Debug|Any CPU
		{608FE4E2-03CA-46D2-ABB1-A6FF9BCAFA91}.Debug|x64.ActiveCfg = Debug|Any CPU
		{608FE4E2-03CA-46D2-ABB1-A6FF9BCAFA91}.Debug|x64.Build.0 = Debug|Any CPU
		{608FE4E2-03CA-46D2-ABB1-A6FF9BCAFA91}.Debug|x86.ActiveCfg = Debug|Any CPU
		{608FE4E2-03CA-46D2-ABB1-A6FF9BCAFA91}.Debug|x86.Build.0 = Debug|Any CPU
		{608FE4E2-03CA-46D2-ABB1-A6FF9BCAFA91}.Release|Any CPU.ActiveCfg = Release|Any CPU
		{608FE4E2-03CA-46D2-ABB1-A6FF9BCAFA91}.Release|Any CPU.Build.0 = Release|Any CPU
		{608FE4E2-03CA-46D2-ABB1-A6FF9BCAFA91}.Release|x64.ActiveCfg = Release|Any CPU
		{608FE4E2-03CA-46D2-ABB1-A6FF9BCAFA91}.Release|x64.Build.0 = Release|Any CPU
		{608FE4E2-03CA-46D2-ABB1-A6FF9BCAFA91}.Release|x86.ActiveCfg = Release|Any CPU
		{608FE4E2-03CA-46D2-ABB1-A6FF9BCAFA91}.Release|x86.Build.0 = Release|Any CPU
	EndGlobalSection
	GlobalSection(SolutionProperties) = preSolution
		HideSolutionNode = FALSE
	EndGlobalSection
	GlobalSection(ExtensibilityGlobals) = postSolution
		SolutionGuid = {67C67471-2F4E-4AC7-9C1B-CBFB52C54AAB}
	EndGlobalSection
EndGlobal
